
Microsoft Visual Studio Solution File, Format Version 12.00
# Visual Studio Version 16
VisualStudioVersion = 16.0.30709.132
MinimumVisualStudioVersion = 10.0.40219.1
Project("{9A19103F-16F7-4668-BE54-9A1E7A4F7556}") = "02. Sum Digits", "02. Sum Digits\02. Sum Digits.csproj", "{ADA0571F-BB24-4748-968D-2981C32FF1E0}"
EndProject
Project("{9A19103F-16F7-4668-BE54-9A1E7A4F7556}") = "03. Elevator", "03. Elevator\03. Elevator.csproj", "{18FE40B0-D3DE-41DF-830D-280F05C39443}"
EndProject
Project("{9A19103F-16F7-4668-BE54-9A1E7A4F7556}") = "04. Sum of Chars", "04. Sum of Chars\04. Sum of Chars.csproj", "{3E829D31-6E69-4848-AA38-12F38175BC28}"
EndProject
Project("{9A19103F-16F7-4668-BE54-9A1E7A4F7556}") = "05. Print Part Of ASCII Table", "05. Print Part Of ASCII Table\05. Print Part Of ASCII Table.csproj", "{0D00D689-191A-454F-886F-15D95394F825}"
EndProject
Project("{9A19103F-16F7-4668-BE54-9A1E7A4F7556}") = "06. Triples of Latin Letters", "06. Triples of Latin Letters\06. Triples of Latin Letters.csproj", "{6C76D5BA-7727-426C-9520-6D07D1C685DC}"
EndProject
Project("{9A19103F-16F7-4668-BE54-9A1E7A4F7556}") = "07. Water Overflow", "07. Water Overflow\07. Water Overflow.csproj", "{9EAC0121-6F2B-4591-965C-302CC4D1440C}"
EndProject
Project("{9A19103F-16F7-4668-BE54-9A1E7A4F7556}") = "08. Beer Kegs", "08. Beer Kegs\08. Beer Kegs.csproj", "{9F293C4E-5684-4F90-9ADF-E0BA65C25055}"
EndProject
Project("{9A19103F-16F7-4668-BE54-9A1E7A4F7556}") = "09. Spice Must Flow", "09. Spice Must Flow\09. Spice Must Flow.csproj", "{676CD2D5-0817-4231-8441-EFA84DF3114D}"
EndProject
Project("{9A19103F-16F7-4668-BE54-9A1E7A4F7556}") = "10. Poke Mon", "10. Poke Mon\10. Poke Mon.csproj", "{8308BAED-B2E2-4BA9-AE10-69D895BF0F8F}"
EndProject
Project("{9A19103F-16F7-4668-BE54-9A1E7A4F7556}") = "11. Snowballssss", "11. Snowballssss\11. Snowballssss.csproj", "{7D03193E-6047-4F78-9E80-58358BF28DE3}"
EndProject
Project("{FAE04EC0-301F-11D3-BF4B-00C04F79EFBC}") = "01. Integer Operations", "01. Integer Operations\01. Integer Operations.csproj", "{27624D11-5B63-460E-9889-B77FA1F828F3}"
EndProject
Global
	GlobalSection(SolutionConfigurationPlatforms) = preSolution
		Debug|Any CPU = Debug|Any CPU
		Release|Any CPU = Release|Any CPU
	EndGlobalSection
	GlobalSection(ProjectConfigurationPlatforms) = postSolution
		{ADA0571F-BB24-4748-968D-2981C32FF1E0}.Debug|Any CPU.ActiveCfg = Debug|Any CPU
		{ADA0571F-BB24-4748-968D-2981C32FF1E0}.Debug|Any CPU.Build.0 = Debug|Any CPU
		{ADA0571F-BB24-4748-968D-2981C32FF1E0}.Release|Any CPU.ActiveCfg = Release|Any CPU
		{ADA0571F-BB24-4748-968D-2981C32FF1E0}.Release|Any CPU.Build.0 = Release|Any CPU
		{18FE40B0-D3DE-41DF-830D-280F05C39443}.Debug|Any CPU.ActiveCfg = Debug|Any CPU
		{18FE40B0-D3DE-41DF-830D-280F05C39443}.Debug|Any CPU.Build.0 = Debug|Any CPU
		{18FE40B0-D3DE-41DF-830D-280F05C39443}.Release|Any CPU.ActiveCfg = Release|Any CPU
		{18FE40B0-D3DE-41DF-830D-280F05C39443}.Release|Any CPU.Build.0 = Release|Any CPU
		{3E829D31-6E69-4848-AA38-12F38175BC28}.Debug|Any CPU.ActiveCfg = Debug|Any CPU
		{3E829D31-6E69-4848-AA38-12F38175BC28}.Debug|Any CPU.Build.0 = Debug|Any CPU
		{3E829D31-6E69-4848-AA38-12F38175BC28}.Release|Any CPU.ActiveCfg = Release|Any CPU
		{3E829D31-6E69-4848-AA38-12F38175BC28}.Release|Any CPU.Build.0 = Release|Any CPU
		{0D00D689-191A-454F-886F-15D95394F825}.Debug|Any CPU.ActiveCfg = Debug|Any CPU
		{0D00D689-191A-454F-886F-15D95394F825}.Debug|Any CPU.Build.0 = Debug|Any CPU
		{0D00D689-191A-454F-886F-15D95394F825}.Release|Any CPU.ActiveCfg = Release|Any CPU
		{0D00D689-191A-454F-886F-15D95394F825}.Release|Any CPU.Build.0 = Release|Any CPU
		{6C76D5BA-7727-426C-9520-6D07D1C685DC}.Debug|Any CPU.ActiveCfg = Debug|Any CPU
		{6C76D5BA-7727-426C-9520-6D07D1C685DC}.Debug|Any CPU.Build.0 = Debug|Any CPU
		{6C76D5BA-7727-426C-9520-6D07D1C685DC}.Release|Any CPU.ActiveCfg = Release|Any CPU
		{6C76D5BA-7727-426C-9520-6D07D1C685DC}.Release|Any CPU.Build.0 = Release|Any CPU
		{9EAC0121-6F2B-4591-965C-302CC4D1440C}.Debug|Any CPU.ActiveCfg = Debug|Any CPU
		{9EAC0121-6F2B-4591-965C-302CC4D1440C}.Debug|Any CPU.Build.0 = Debug|Any CPU
		{9EAC0121-6F2B-4591-965C-302CC4D1440C}.Release|Any CPU.ActiveCfg = Release|Any CPU
		{9EAC0121-6F2B-4591-965C-302CC4D1440C}.Release|Any CPU.Build.0 = Release|Any CPU
		{9F293C4E-5684-4F90-9ADF-E0BA65C25055}.Debug|Any CPU.ActiveCfg = Debug|Any CPU
		{9F293C4E-5684-4F90-9ADF-E0BA65C25055}.Debug|Any CPU.Build.0 = Debug|Any CPU
		{9F293C4E-5684-4F90-9ADF-E0BA65C25055}.Release|Any CPU.ActiveCfg = Release|Any CPU
		{9F293C4E-5684-4F90-9ADF-E0BA65C25055}.Release|Any CPU.Build.0 = Release|Any CPU
		{676CD2D5-0817-4231-8441-EFA84DF3114D}.Debug|Any CPU.ActiveCfg = Debug|Any CPU
		{676CD2D5-0817-4231-8441-EFA84DF3114D}.Debug|Any CPU.Build.0 = Debug|Any CPU
		{676CD2D5-0817-4231-8441-EFA84DF3114D}.Release|Any CPU.ActiveCfg = Release|Any CPU
		{676CD2D5-0817-4231-8441-EFA84DF3114D}.Release|Any CPU.Build.0 = Release|Any CPU
		{8308BAED-B2E2-4BA9-AE10-69D895BF0F8F}.Debug|Any CPU.ActiveCfg = Debug|Any CPU
		{8308BAED-B2E2-4BA9-AE10-69D895BF0F8F}.Debug|Any CPU.Build.0 = Debug|Any CPU
		{8308BAED-B2E2-4BA9-AE10-69D895BF0F8F}.Release|Any CPU.ActiveCfg = Release|Any CPU
		{8308BAED-B2E2-4BA9-AE10-69D895BF0F8F}.Release|Any CPU.Build.0 = Release|Any CPU
		{7D03193E-6047-4F78-9E80-58358BF28DE3}.Debug|Any CPU.ActiveCfg = Debug|Any CPU
		{7D03193E-6047-4F78-9E80-58358BF28DE3}.Debug|Any CPU.Build.0 = Debug|Any CPU
		{7D03193E-6047-4F78-9E80-58358BF28DE3}.Release|Any CPU.ActiveCfg = Release|Any CPU
		{7D03193E-6047-4F78-9E80-58358BF28DE3}.Release|Any CPU.Build.0 = Release|Any CPU
		{27624D11-5B63-460E-9889-B77FA1F828F3}.Debug|Any CPU.ActiveCfg = Debug|Any CPU
		{27624D11-5B63-460E-9889-B77FA1F828F3}.Debug|Any CPU.Build.0 = Debug|Any CPU
		{27624D11-5B63-460E-9889-B77FA1F828F3}.Release|Any CPU.ActiveCfg = Release|Any CPU
		{27624D11-5B63-460E-9889-B77FA1F828F3}.Release|Any CPU.Build.0 = Release|Any CPU
	EndGlobalSection
	GlobalSection(SolutionProperties) = preSolution
		HideSolutionNode = FALSE
	EndGlobalSection
	GlobalSection(ExtensibilityGlobals) = postSolution
		SolutionGuid = {86C19AFF-8AA6-4A01-B487-3A82DB5E4F50}
	EndGlobalSection
EndGlobal
