
Microsoft Visual Studio Solution File, Format Version 12.00
# Visual Studio Version 16
VisualStudioVersion = 16.0.31112.23
MinimumVisualStudioVersion = 10.0.40219.1
Project("{9A19103F-16F7-4668-BE54-9A1E7A4F7556}") = "02. Match Phone Number", "02. Match Phone Number\02. Match Phone Number.csproj", "{B3476F88-374B-4448-9AEB-8171F0955554}"
EndProject
Project("{9A19103F-16F7-4668-BE54-9A1E7A4F7556}") = "03. Match Dates", "03. Match Dates\03. Match Dates.csproj", "{55ED74E6-149C-4245-9C04-9557312B6AFA}"
EndProject
Project("{FAE04EC0-301F-11D3-BF4B-00C04F79EFBC}") = "01. Match Full Name", "01. Match Full Name\01. Match Full Name.csproj", "{EE22103C-2E90-4774-A6B6-2ACC8F6A118F}"
EndProject
Global
	GlobalSection(SolutionConfigurationPlatforms) = preSolution
		Debug|Any CPU = Debug|Any CPU
		Release|Any CPU = Release|Any CPU
	EndGlobalSection
	GlobalSection(ProjectConfigurationPlatforms) = postSolution
		{B3476F88-374B-4448-9AEB-8171F0955554}.Debug|Any CPU.ActiveCfg = Debug|Any CPU
		{B3476F88-374B-4448-9AEB-8171F0955554}.Debug|Any CPU.Build.0 = Debug|Any CPU
		{B3476F88-374B-4448-9AEB-8171F0955554}.Release|Any CPU.ActiveCfg = Release|Any CPU
		{B3476F88-374B-4448-9AEB-8171F0955554}.Release|Any CPU.Build.0 = Release|Any CPU
		{55ED74E6-149C-4245-9C04-9557312B6AFA}.Debug|Any CPU.ActiveCfg = Debug|Any CPU
		{55ED74E6-149C-4245-9C04-9557312B6AFA}.Debug|Any CPU.Build.0 = Debug|Any CPU
		{55ED74E6-149C-4245-9C04-9557312B6AFA}.Release|Any CPU.ActiveCfg = Release|Any CPU
		{55ED74E6-149C-4245-9C04-9557312B6AFA}.Release|Any CPU.Build.0 = Release|Any CPU
		{EE22103C-2E90-4774-A6B6-2ACC8F6A118F}.Debug|Any CPU.ActiveCfg = Debug|Any CPU
		{EE22103C-2E90-4774-A6B6-2ACC8F6A118F}.Debug|Any CPU.Build.0 = Debug|Any CPU
		{EE22103C-2E90-4774-A6B6-2ACC8F6A118F}.Release|Any CPU.ActiveCfg = Release|Any CPU
		{EE22103C-2E90-4774-A6B6-2ACC8F6A118F}.Release|Any CPU.Build.0 = Release|Any CPU
	EndGlobalSection
	GlobalSection(SolutionProperties) = preSolution
		HideSolutionNode = FALSE
	EndGlobalSection
	GlobalSection(ExtensibilityGlobals) = postSolution
		SolutionGuid = {4E2AC44A-1D67-45C4-9558-2AF4854D4317}
	EndGlobalSection
EndGlobal
