
Microsoft Visual Studio Solution File, Format Version 12.00
# Visual Studio Version 16
VisualStudioVersion = 16.0.30709.132
MinimumVisualStudioVersion = 10.0.40219.1
Project("{9A19103F-16F7-4668-BE54-9A1E7A4F7556}") = "02. Vowels Count", "02. Vowels Count\02. Vowels Count.csproj", "{69AA5D0D-9A92-46C1-A288-E75A96DD383B}"
EndProject
Project("{9A19103F-16F7-4668-BE54-9A1E7A4F7556}") = "03. Characters in Range", "03. Characters in Range\03. Characters in Range.csproj", "{9BE0C5F1-895E-4893-AC95-83D7462E92A8}"
EndProject
Project("{9A19103F-16F7-4668-BE54-9A1E7A4F7556}") = "04. Password Validator", "04. Password Validator\04. Password Validator.csproj", "{1C0112E8-A3BA-4C9D-8318-B1FA470BBE79}"
EndProject
Project("{9A19103F-16F7-4668-BE54-9A1E7A4F7556}") = "05. Add and Subtract", "05. Add and Subtract\05. Add and Subtract.csproj", "{17647F00-370D-422B-98CA-97332CE33FC1}"
EndProject
Project("{9A19103F-16F7-4668-BE54-9A1E7A4F7556}") = "06. Middle Characters", "06. Middle Characters\06. Middle Characters.csproj", "{98A9A501-A690-428F-BA66-B0F7E40C015F}"
EndProject
Project("{9A19103F-16F7-4668-BE54-9A1E7A4F7556}") = "07. NxN Matrix", "07. NxN Matrix\07. NxN Matrix.csproj", "{F134D050-6CEC-4F50-9FF0-1972FFE4291A}"
EndProject
Project("{9A19103F-16F7-4668-BE54-9A1E7A4F7556}") = "08. Factorial Division", "08. Factorial Division\08. Factorial Division.csproj", "{A12A2384-12E5-43CB-BF87-2EC43AC3C4BB}"
EndProject
Project("{9A19103F-16F7-4668-BE54-9A1E7A4F7556}") = "09. Palindrome Integers", "09. Palindrome Integers\09. Palindrome Integers.csproj", "{D27207B5-2450-44A0-AF4A-9BCDD73F2082}"
EndProject
Project("{9A19103F-16F7-4668-BE54-9A1E7A4F7556}") = "10. Top Number", "10. Top Number\10. Top Number.csproj", "{E077B669-0C3F-4298-8C4A-B85E94742970}"
EndProject
Project("{9A19103F-16F7-4668-BE54-9A1E7A4F7556}") = "01. Smallest of Three Numbers", "01. Smallest of Three Numbers\01. Smallest of Three Numbers.csproj", "{4AEF946A-2BF2-4D0E-BDCC-F78663D5CD4B}"
EndProject
Project("{FAE04EC0-301F-11D3-BF4B-00C04F79EFBC}") = "11. Array Manipulator", "11. Array Manipulator\11. Array Manipulator.csproj", "{AC1D1381-4FB1-45A4-BD03-9DD1F76325DF}"
EndProject
Global
	GlobalSection(SolutionConfigurationPlatforms) = preSolution
		Debug|Any CPU = Debug|Any CPU
		Release|Any CPU = Release|Any CPU
	EndGlobalSection
	GlobalSection(ProjectConfigurationPlatforms) = postSolution
		{69AA5D0D-9A92-46C1-A288-E75A96DD383B}.Debug|Any CPU.ActiveCfg = Debug|Any CPU
		{69AA5D0D-9A92-46C1-A288-E75A96DD383B}.Debug|Any CPU.Build.0 = Debug|Any CPU
		{69AA5D0D-9A92-46C1-A288-E75A96DD383B}.Release|Any CPU.ActiveCfg = Release|Any CPU
		{69AA5D0D-9A92-46C1-A288-E75A96DD383B}.Release|Any CPU.Build.0 = Release|Any CPU
		{9BE0C5F1-895E-4893-AC95-83D7462E92A8}.Debug|Any CPU.ActiveCfg = Debug|Any CPU
		{9BE0C5F1-895E-4893-AC95-83D7462E92A8}.Debug|Any CPU.Build.0 = Debug|Any CPU
		{9BE0C5F1-895E-4893-AC95-83D7462E92A8}.Release|Any CPU.ActiveCfg = Release|Any CPU
		{9BE0C5F1-895E-4893-AC95-83D7462E92A8}.Release|Any CPU.Build.0 = Release|Any CPU
		{1C0112E8-A3BA-4C9D-8318-B1FA470BBE79}.Debug|Any CPU.ActiveCfg = Debug|Any CPU
		{1C0112E8-A3BA-4C9D-8318-B1FA470BBE79}.Debug|Any CPU.Build.0 = Debug|Any CPU
		{1C0112E8-A3BA-4C9D-8318-B1FA470BBE79}.Release|Any CPU.ActiveCfg = Release|Any CPU
		{1C0112E8-A3BA-4C9D-8318-B1FA470BBE79}.Release|Any CPU.Build.0 = Release|Any CPU
		{17647F00-370D-422B-98CA-97332CE33FC1}.Debug|Any CPU.ActiveCfg = Debug|Any CPU
		{17647F00-370D-422B-98CA-97332CE33FC1}.Debug|Any CPU.Build.0 = Debug|Any CPU
		{17647F00-370D-422B-98CA-97332CE33FC1}.Release|Any CPU.ActiveCfg = Release|Any CPU
		{17647F00-370D-422B-98CA-97332CE33FC1}.Release|Any CPU.Build.0 = Release|Any CPU
		{98A9A501-A690-428F-BA66-B0F7E40C015F}.Debug|Any CPU.ActiveCfg = Debug|Any CPU
		{98A9A501-A690-428F-BA66-B0F7E40C015F}.Debug|Any CPU.Build.0 = Debug|Any CPU
		{98A9A501-A690-428F-BA66-B0F7E40C015F}.Release|Any CPU.ActiveCfg = Release|Any CPU
		{98A9A501-A690-428F-BA66-B0F7E40C015F}.Release|Any CPU.Build.0 = Release|Any CPU
		{F134D050-6CEC-4F50-9FF0-1972FFE4291A}.Debug|Any CPU.ActiveCfg = Debug|Any CPU
		{F134D050-6CEC-4F50-9FF0-1972FFE4291A}.Debug|Any CPU.Build.0 = Debug|Any CPU
		{F134D050-6CEC-4F50-9FF0-1972FFE4291A}.Release|Any CPU.ActiveCfg = Release|Any CPU
		{F134D050-6CEC-4F50-9FF0-1972FFE4291A}.Release|Any CPU.Build.0 = Release|Any CPU
		{A12A2384-12E5-43CB-BF87-2EC43AC3C4BB}.Debug|Any CPU.ActiveCfg = Debug|Any CPU
		{A12A2384-12E5-43CB-BF87-2EC43AC3C4BB}.Debug|Any CPU.Build.0 = Debug|Any CPU
		{A12A2384-12E5-43CB-BF87-2EC43AC3C4BB}.Release|Any CPU.ActiveCfg = Release|Any CPU
		{A12A2384-12E5-43CB-BF87-2EC43AC3C4BB}.Release|Any CPU.Build.0 = Release|Any CPU
		{D27207B5-2450-44A0-AF4A-9BCDD73F2082}.Debug|Any CPU.ActiveCfg = Debug|Any CPU
		{D27207B5-2450-44A0-AF4A-9BCDD73F2082}.Debug|Any CPU.Build.0 = Debug|Any CPU
		{D27207B5-2450-44A0-AF4A-9BCDD73F2082}.Release|Any CPU.ActiveCfg = Release|Any CPU
		{D27207B5-2450-44A0-AF4A-9BCDD73F2082}.Release|Any CPU.Build.0 = Release|Any CPU
		{E077B669-0C3F-4298-8C4A-B85E94742970}.Debug|Any CPU.ActiveCfg = Debug|Any CPU
		{E077B669-0C3F-4298-8C4A-B85E94742970}.Debug|Any CPU.Build.0 = Debug|Any CPU
		{E077B669-0C3F-4298-8C4A-B85E94742970}.Release|Any CPU.ActiveCfg = Release|Any CPU
		{E077B669-0C3F-4298-8C4A-B85E94742970}.Release|Any CPU.Build.0 = Release|Any CPU
		{4AEF946A-2BF2-4D0E-BDCC-F78663D5CD4B}.Debug|Any CPU.ActiveCfg = Debug|Any CPU
		{4AEF946A-2BF2-4D0E-BDCC-F78663D5CD4B}.Debug|Any CPU.Build.0 = Debug|Any CPU
		{4AEF946A-2BF2-4D0E-BDCC-F78663D5CD4B}.Release|Any CPU.ActiveCfg = Release|Any CPU
		{4AEF946A-2BF2-4D0E-BDCC-F78663D5CD4B}.Release|Any CPU.Build.0 = Release|Any CPU
		{AC1D1381-4FB1-45A4-BD03-9DD1F76325DF}.Debug|Any CPU.ActiveCfg = Debug|Any CPU
		{AC1D1381-4FB1-45A4-BD03-9DD1F76325DF}.Debug|Any CPU.Build.0 = Debug|Any CPU
		{AC1D1381-4FB1-45A4-BD03-9DD1F76325DF}.Release|Any CPU.ActiveCfg = Release|Any CPU
		{AC1D1381-4FB1-45A4-BD03-9DD1F76325DF}.Release|Any CPU.Build.0 = Release|Any CPU
	EndGlobalSection
	GlobalSection(SolutionProperties) = preSolution
		HideSolutionNode = FALSE
	EndGlobalSection
	GlobalSection(ExtensibilityGlobals) = postSolution
		SolutionGuid = {131E6FC2-3A27-4F71-80D4-C7F70E8E7A35}
	EndGlobalSection
EndGlobal
