
Microsoft Visual Studio Solution File, Format Version 12.00
# Visual Studio Version 16
VisualStudioVersion = 16.0.30709.132
MinimumVisualStudioVersion = 10.0.40219.1
Project("{9A19103F-16F7-4668-BE54-9A1E7A4F7556}") = "02. Big Factorial", "02. Big Factorial\02. Big Factorial.csproj", "{94539707-2C4C-450E-B08E-1EB83FB2B5AA}"
EndProject
Project("{9A19103F-16F7-4668-BE54-9A1E7A4F7556}") = "03. Songs", "03. Songs\03. Songs.csproj", "{F8D3AA79-110B-4F08-81B7-0FE98D547D2F}"
EndProject
Project("{9A19103F-16F7-4668-BE54-9A1E7A4F7556}") = "04. Students", "04. Students\04. Students.csproj", "{3AC737A5-4D37-4637-81F0-5B2BC58C6793}"
EndProject
Project("{FAE04EC0-301F-11D3-BF4B-00C04F79EFBC}") = "01. Randomize Words", "01. Randomize Words\01. Randomize Words.csproj", "{6D9D3A09-5BCF-48EE-A610-35FDAE1B5358}"
EndProject
Global
	GlobalSection(SolutionConfigurationPlatforms) = preSolution
		Debug|Any CPU = Debug|Any CPU
		Release|Any CPU = Release|Any CPU
	EndGlobalSection
	GlobalSection(ProjectConfigurationPlatforms) = postSolution
		{94539707-2C4C-450E-B08E-1EB83FB2B5AA}.Debug|Any CPU.ActiveCfg = Debug|Any CPU
		{94539707-2C4C-450E-B08E-1EB83FB2B5AA}.Debug|Any CPU.Build.0 = Debug|Any CPU
		{94539707-2C4C-450E-B08E-1EB83FB2B5AA}.Release|Any CPU.ActiveCfg = Release|Any CPU
		{94539707-2C4C-450E-B08E-1EB83FB2B5AA}.Release|Any CPU.Build.0 = Release|Any CPU
		{F8D3AA79-110B-4F08-81B7-0FE98D547D2F}.Debug|Any CPU.ActiveCfg = Debug|Any CPU
		{F8D3AA79-110B-4F08-81B7-0FE98D547D2F}.Debug|Any CPU.Build.0 = Debug|Any CPU
		{F8D3AA79-110B-4F08-81B7-0FE98D547D2F}.Release|Any CPU.ActiveCfg = Release|Any CPU
		{F8D3AA79-110B-4F08-81B7-0FE98D547D2F}.Release|Any CPU.Build.0 = Release|Any CPU
		{3AC737A5-4D37-4637-81F0-5B2BC58C6793}.Debug|Any CPU.ActiveCfg = Debug|Any CPU
		{3AC737A5-4D37-4637-81F0-5B2BC58C6793}.Debug|Any CPU.Build.0 = Debug|Any CPU
		{3AC737A5-4D37-4637-81F0-5B2BC58C6793}.Release|Any CPU.ActiveCfg = Release|Any CPU
		{3AC737A5-4D37-4637-81F0-5B2BC58C6793}.Release|Any CPU.Build.0 = Release|Any CPU
		{6D9D3A09-5BCF-48EE-A610-35FDAE1B5358}.Debug|Any CPU.ActiveCfg = Debug|Any CPU
		{6D9D3A09-5BCF-48EE-A610-35FDAE1B5358}.Debug|Any CPU.Build.0 = Debug|Any CPU
		{6D9D3A09-5BCF-48EE-A610-35FDAE1B5358}.Release|Any CPU.ActiveCfg = Release|Any CPU
		{6D9D3A09-5BCF-48EE-A610-35FDAE1B5358}.Release|Any CPU.Build.0 = Release|Any CPU
	EndGlobalSection
	GlobalSection(SolutionProperties) = preSolution
		HideSolutionNode = FALSE
	EndGlobalSection
	GlobalSection(ExtensibilityGlobals) = postSolution
		SolutionGuid = {031C734E-17B6-4175-AE0D-D0F33063982E}
	EndGlobalSection
EndGlobal
