
Microsoft Visual Studio Solution File, Format Version 12.00
# Visual Studio Version 16
VisualStudioVersion = 16.0.31112.23
MinimumVisualStudioVersion = 10.0.40219.1
Project("{9A19103F-16F7-4668-BE54-9A1E7A4F7556}") = "02. Race", "02. Race\02. Race.csproj", "{086D24AD-932B-44CF-A96A-96FD179BF007}"
EndProject
Project("{9A19103F-16F7-4668-BE54-9A1E7A4F7556}") = "03. SoftUni Bar Income", "03. SoftUni Bar Income\03. SoftUni Bar Income.csproj", "{CAF4A437-13DB-4A76-B630-38777A1116D0}"
EndProject
Project("{9A19103F-16F7-4668-BE54-9A1E7A4F7556}") = "04. Star Enigma", "04. Star Enigma\04. Star Enigma.csproj", "{016BB017-C8E5-490C-BDDC-81BA9DE7B00C}"
EndProject
Project("{9A19103F-16F7-4668-BE54-9A1E7A4F7556}") = "04.Test", "04.Test\04.Test.csproj", "{6C8925EE-159F-44A4-978F-22BC75D64A63}"
EndProject
Project("{9A19103F-16F7-4668-BE54-9A1E7A4F7556}") = "05. Nether Realms", "05. Nether Realms\05. Nether Realms.csproj", "{6CED7402-5EC1-42AD-A0B8-652E6E55A6DC}"
EndProject
Project("{9A19103F-16F7-4668-BE54-9A1E7A4F7556}") = "06. Extract Emails", "06. Extract Emails\06. Extract Emails.csproj", "{A10B1D9A-D430-44D0-B7AA-5B972FA37EB9}"
EndProject
Project("{FAE04EC0-301F-11D3-BF4B-00C04F79EFBC}") = "01. Furniture", "01. Furniture\01. Furniture.csproj", "{08453883-3FC7-45A4-A851-F854DFC0516E}"
EndProject
Global
	GlobalSection(SolutionConfigurationPlatforms) = preSolution
		Debug|Any CPU = Debug|Any CPU
		Release|Any CPU = Release|Any CPU
	EndGlobalSection
	GlobalSection(ProjectConfigurationPlatforms) = postSolution
		{086D24AD-932B-44CF-A96A-96FD179BF007}.Debug|Any CPU.ActiveCfg = Debug|Any CPU
		{086D24AD-932B-44CF-A96A-96FD179BF007}.Debug|Any CPU.Build.0 = Debug|Any CPU
		{086D24AD-932B-44CF-A96A-96FD179BF007}.Release|Any CPU.ActiveCfg = Release|Any CPU
		{086D24AD-932B-44CF-A96A-96FD179BF007}.Release|Any CPU.Build.0 = Release|Any CPU
		{CAF4A437-13DB-4A76-B630-38777A1116D0}.Debug|Any CPU.ActiveCfg = Debug|Any CPU
		{CAF4A437-13DB-4A76-B630-38777A1116D0}.Debug|Any CPU.Build.0 = Debug|Any CPU
		{CAF4A437-13DB-4A76-B630-38777A1116D0}.Release|Any CPU.ActiveCfg = Release|Any CPU
		{CAF4A437-13DB-4A76-B630-38777A1116D0}.Release|Any CPU.Build.0 = Release|Any CPU
		{016BB017-C8E5-490C-BDDC-81BA9DE7B00C}.Debug|Any CPU.ActiveCfg = Debug|Any CPU
		{016BB017-C8E5-490C-BDDC-81BA9DE7B00C}.Debug|Any CPU.Build.0 = Debug|Any CPU
		{016BB017-C8E5-490C-BDDC-81BA9DE7B00C}.Release|Any CPU.ActiveCfg = Release|Any CPU
		{016BB017-C8E5-490C-BDDC-81BA9DE7B00C}.Release|Any CPU.Build.0 = Release|Any CPU
		{6C8925EE-159F-44A4-978F-22BC75D64A63}.Debug|Any CPU.ActiveCfg = Debug|Any CPU
		{6C8925EE-159F-44A4-978F-22BC75D64A63}.Debug|Any CPU.Build.0 = Debug|Any CPU
		{6C8925EE-159F-44A4-978F-22BC75D64A63}.Release|Any CPU.ActiveCfg = Release|Any CPU
		{6C8925EE-159F-44A4-978F-22BC75D64A63}.Release|Any CPU.Build.0 = Release|Any CPU
		{6CED7402-5EC1-42AD-A0B8-652E6E55A6DC}.Debug|Any CPU.ActiveCfg = Debug|Any CPU
		{6CED7402-5EC1-42AD-A0B8-652E6E55A6DC}.Debug|Any CPU.Build.0 = Debug|Any CPU
		{6CED7402-5EC1-42AD-A0B8-652E6E55A6DC}.Release|Any CPU.ActiveCfg = Release|Any CPU
		{6CED7402-5EC1-42AD-A0B8-652E6E55A6DC}.Release|Any CPU.Build.0 = Release|Any CPU
		{A10B1D9A-D430-44D0-B7AA-5B972FA37EB9}.Debug|Any CPU.ActiveCfg = Debug|Any CPU
		{A10B1D9A-D430-44D0-B7AA-5B972FA37EB9}.Debug|Any CPU.Build.0 = Debug|Any CPU
		{A10B1D9A-D430-44D0-B7AA-5B972FA37EB9}.Release|Any CPU.ActiveCfg = Release|Any CPU
		{A10B1D9A-D430-44D0-B7AA-5B972FA37EB9}.Release|Any CPU.Build.0 = Release|Any CPU
		{08453883-3FC7-45A4-A851-F854DFC0516E}.Debug|Any CPU.ActiveCfg = Debug|Any CPU
		{08453883-3FC7-45A4-A851-F854DFC0516E}.Debug|Any CPU.Build.0 = Debug|Any CPU
		{08453883-3FC7-45A4-A851-F854DFC0516E}.Release|Any CPU.ActiveCfg = Release|Any CPU
		{08453883-3FC7-45A4-A851-F854DFC0516E}.Release|Any CPU.Build.0 = Release|Any CPU
	EndGlobalSection
	GlobalSection(SolutionProperties) = preSolution
		HideSolutionNode = FALSE
	EndGlobalSection
	GlobalSection(ExtensibilityGlobals) = postSolution
		SolutionGuid = {91759C72-50FF-4E8F-98C4-BCE8E2335264}
	EndGlobalSection
EndGlobal
