
Microsoft Visual Studio Solution File, Format Version 12.00
# Visual Studio Version 16
VisualStudioVersion = 16.0.30709.132
MinimumVisualStudioVersion = 10.0.40219.1
Project("{9A19103F-16F7-4668-BE54-9A1E7A4F7556}") = "0.1 Day of Week", "0.1 Day of Week\0.1 Day of Week.csproj", "{3D72C7BB-1B81-4772-AEF9-488BBF1A7FBA}"
EndProject
Project("{9A19103F-16F7-4668-BE54-9A1E7A4F7556}") = "02. Print Numbers in Reverse Order", "02. Print Numbers in Reverse Order\02. Print Numbers in Reverse Order.csproj", "{87391DAC-0CB2-4409-8BB8-7354F8ADDF6C}"
EndProject
Project("{9A19103F-16F7-4668-BE54-9A1E7A4F7556}") = "03. Rounding Numbers", "03. Rounding Numbers\03. Rounding Numbers.csproj", "{64FB4826-45DA-48DC-A65C-B6568169788D}"
EndProject
Project("{9A19103F-16F7-4668-BE54-9A1E7A4F7556}") = "04. Reverse Array of Strings", "04. Reverse Array of Strings\04. Reverse Array of Strings.csproj", "{6E8F64CA-8197-48D6-9FAF-DEBC2E690344}"
EndProject
Project("{9A19103F-16F7-4668-BE54-9A1E7A4F7556}") = "05. Sum Even Numbers", "05. Sum Even Numbers\05. Sum Even Numbers.csproj", "{BB9BC117-1643-40AA-AD9A-9A8E30298FC6}"
EndProject
Project("{FAE04EC0-301F-11D3-BF4B-00C04F79EFBC}") = "06. Even and Odd Subtraction", "06. Even and Odd Subtraction\06. Even and Odd Subtraction.csproj", "{6E395A3E-223A-41CE-ADC0-53181EBFA924}"
EndProject
Project("{FAE04EC0-301F-11D3-BF4B-00C04F79EFBC}") = "07. Equal Arrays", "07. Equal Arrays\07. Equal Arrays.csproj", "{FB229797-289F-42C8-A4DC-9442997AEA8D}"
EndProject
Project("{FAE04EC0-301F-11D3-BF4B-00C04F79EFBC}") = "08. Condense Array to Number", "08. Condense Array to Number\08. Condense Array to Number.csproj", "{B048203C-3E28-4A39-9D9C-69A3D79C3C8C}"
EndProject
Global
	GlobalSection(SolutionConfigurationPlatforms) = preSolution
		Debug|Any CPU = Debug|Any CPU
		Release|Any CPU = Release|Any CPU
	EndGlobalSection
	GlobalSection(ProjectConfigurationPlatforms) = postSolution
		{3D72C7BB-1B81-4772-AEF9-488BBF1A7FBA}.Debug|Any CPU.ActiveCfg = Debug|Any CPU
		{3D72C7BB-1B81-4772-AEF9-488BBF1A7FBA}.Debug|Any CPU.Build.0 = Debug|Any CPU
		{3D72C7BB-1B81-4772-AEF9-488BBF1A7FBA}.Release|Any CPU.ActiveCfg = Release|Any CPU
		{3D72C7BB-1B81-4772-AEF9-488BBF1A7FBA}.Release|Any CPU.Build.0 = Release|Any CPU
		{87391DAC-0CB2-4409-8BB8-7354F8ADDF6C}.Debug|Any CPU.ActiveCfg = Debug|Any CPU
		{87391DAC-0CB2-4409-8BB8-7354F8ADDF6C}.Debug|Any CPU.Build.0 = Debug|Any CPU
		{87391DAC-0CB2-4409-8BB8-7354F8ADDF6C}.Release|Any CPU.ActiveCfg = Release|Any CPU
		{87391DAC-0CB2-4409-8BB8-7354F8ADDF6C}.Release|Any CPU.Build.0 = Release|Any CPU
		{64FB4826-45DA-48DC-A65C-B6568169788D}.Debug|Any CPU.ActiveCfg = Debug|Any CPU
		{64FB4826-45DA-48DC-A65C-B6568169788D}.Debug|Any CPU.Build.0 = Debug|Any CPU
		{64FB4826-45DA-48DC-A65C-B6568169788D}.Release|Any CPU.ActiveCfg = Release|Any CPU
		{64FB4826-45DA-48DC-A65C-B6568169788D}.Release|Any CPU.Build.0 = Release|Any CPU
		{6E8F64CA-8197-48D6-9FAF-DEBC2E690344}.Debug|Any CPU.ActiveCfg = Debug|Any CPU
		{6E8F64CA-8197-48D6-9FAF-DEBC2E690344}.Debug|Any CPU.Build.0 = Debug|Any CPU
		{6E8F64CA-8197-48D6-9FAF-DEBC2E690344}.Release|Any CPU.ActiveCfg = Release|Any CPU
		{6E8F64CA-8197-48D6-9FAF-DEBC2E690344}.Release|Any CPU.Build.0 = Release|Any CPU
		{BB9BC117-1643-40AA-AD9A-9A8E30298FC6}.Debug|Any CPU.ActiveCfg = Debug|Any CPU
		{BB9BC117-1643-40AA-AD9A-9A8E30298FC6}.Debug|Any CPU.Build.0 = Debug|Any CPU
		{BB9BC117-1643-40AA-AD9A-9A8E30298FC6}.Release|Any CPU.ActiveCfg = Release|Any CPU
		{BB9BC117-1643-40AA-AD9A-9A8E30298FC6}.Release|Any CPU.Build.0 = Release|Any CPU
		{6E395A3E-223A-41CE-ADC0-53181EBFA924}.Debug|Any CPU.ActiveCfg = Debug|Any CPU
		{6E395A3E-223A-41CE-ADC0-53181EBFA924}.Debug|Any CPU.Build.0 = Debug|Any CPU
		{6E395A3E-223A-41CE-ADC0-53181EBFA924}.Release|Any CPU.ActiveCfg = Release|Any CPU
		{6E395A3E-223A-41CE-ADC0-53181EBFA924}.Release|Any CPU.Build.0 = Release|Any CPU
		{FB229797-289F-42C8-A4DC-9442997AEA8D}.Debug|Any CPU.ActiveCfg = Debug|Any CPU
		{FB229797-289F-42C8-A4DC-9442997AEA8D}.Debug|Any CPU.Build.0 = Debug|Any CPU
		{FB229797-289F-42C8-A4DC-9442997AEA8D}.Release|Any CPU.ActiveCfg = Release|Any CPU
		{FB229797-289F-42C8-A4DC-9442997AEA8D}.Release|Any CPU.Build.0 = Release|Any CPU
		{B048203C-3E28-4A39-9D9C-69A3D79C3C8C}.Debug|Any CPU.ActiveCfg = Debug|Any CPU
		{B048203C-3E28-4A39-9D9C-69A3D79C3C8C}.Debug|Any CPU.Build.0 = Debug|Any CPU
		{B048203C-3E28-4A39-9D9C-69A3D79C3C8C}.Release|Any CPU.ActiveCfg = Release|Any CPU
		{B048203C-3E28-4A39-9D9C-69A3D79C3C8C}.Release|Any CPU.Build.0 = Release|Any CPU
	EndGlobalSection
	GlobalSection(SolutionProperties) = preSolution
		HideSolutionNode = FALSE
	EndGlobalSection
	GlobalSection(ExtensibilityGlobals) = postSolution
		SolutionGuid = {71E2D8F1-4FE9-450E-BFE9-1B8315E72332}
	EndGlobalSection
EndGlobal
