
Microsoft Visual Studio Solution File, Format Version 12.00
# Visual Studio Version 16
VisualStudioVersion = 16.0.30709.132
MinimumVisualStudioVersion = 10.0.40219.1
Project("{9A19103F-16F7-4668-BE54-9A1E7A4F7556}") = "02. Pounds to Dollars", "02. Pounds to Dollars\02. Pounds to Dollars.csproj", "{99C6E3F6-355E-4109-B581-95F93C39F739}"
EndProject
Project("{9A19103F-16F7-4668-BE54-9A1E7A4F7556}") = "03. Exact Sum of Real Numbers", "03. Exact Sum of Real Numbers\03. Exact Sum of Real Numbers.csproj", "{1F1E4272-708D-423B-B85E-538D20243619}"
EndProject
Project("{9A19103F-16F7-4668-BE54-9A1E7A4F7556}") = "04. Centuries to Minutes", "04. Centuries to Minutes\04. Centuries to Minutes.csproj", "{F62CD78E-50F3-47B8-96D4-391D31E281CC}"
EndProject
Project("{9A19103F-16F7-4668-BE54-9A1E7A4F7556}") = "05. Special Numbers", "05. Special Numbers\05. Special Numbers.csproj", "{5BE18B34-62FB-41E5-9D86-8430172C069C}"
EndProject
Project("{9A19103F-16F7-4668-BE54-9A1E7A4F7556}") = "06. Reversed Chars", "06. Reversed Chars\06. Reversed Chars.csproj", "{2901FE95-E91D-498C-B6E7-282D9788E0E9}"
EndProject
Project("{9A19103F-16F7-4668-BE54-9A1E7A4F7556}") = "07. Concat Names", "07. Concat Names\07. Concat Names.csproj", "{A97E2556-1B8D-430D-9F15-B77386903DD9}"
EndProject
Project("{9A19103F-16F7-4668-BE54-9A1E7A4F7556}") = "08. Town Info", "08. Town Info\08. Town Info.csproj", "{BE68C6CD-1225-4AEA-BB71-3F9F5D49FCAF}"
EndProject
Project("{9A19103F-16F7-4668-BE54-9A1E7A4F7556}") = "09. Chars to String", "09. Chars to String\09. Chars to String.csproj", "{66098B0A-059B-4448-81A1-B9BBC15B2621}"
EndProject
Project("{9A19103F-16F7-4668-BE54-9A1E7A4F7556}") = "10. Lower or Upper", "10. Lower or Upper\10. Lower or Upper.csproj", "{1C31DFE3-CE9B-470E-94B3-D0329476209E}"
EndProject
Project("{9A19103F-16F7-4668-BE54-9A1E7A4F7556}") = "11. Refactor Volume of Pyramid", "11. Refactor Volume of Pyramid\11. Refactor Volume of Pyramid.csproj", "{B9602E82-6B44-42EC-A5CE-67DF6BCFB879}"
EndProject
Project("{9A19103F-16F7-4668-BE54-9A1E7A4F7556}") = "12. Refactor Special Numbers", "12. Refactor Special Numbers\12. Refactor Special Numbers.csproj", "{307B5AEC-CCDB-4908-9013-553A3A00A480}"
EndProject
Project("{FAE04EC0-301F-11D3-BF4B-00C04F79EFBC}") = "01. Convert Meters to Kilometers", "01. Convert Meters to Kilometers\01. Convert Meters to Kilometers.csproj", "{54E4F82E-26C7-4E4A-AEA3-8C5FA3FFFC6B}"
EndProject
Global
	GlobalSection(SolutionConfigurationPlatforms) = preSolution
		Debug|Any CPU = Debug|Any CPU
		Release|Any CPU = Release|Any CPU
	EndGlobalSection
	GlobalSection(ProjectConfigurationPlatforms) = postSolution
		{99C6E3F6-355E-4109-B581-95F93C39F739}.Debug|Any CPU.ActiveCfg = Debug|Any CPU
		{99C6E3F6-355E-4109-B581-95F93C39F739}.Debug|Any CPU.Build.0 = Debug|Any CPU
		{99C6E3F6-355E-4109-B581-95F93C39F739}.Release|Any CPU.ActiveCfg = Release|Any CPU
		{99C6E3F6-355E-4109-B581-95F93C39F739}.Release|Any CPU.Build.0 = Release|Any CPU
		{1F1E4272-708D-423B-B85E-538D20243619}.Debug|Any CPU.ActiveCfg = Debug|Any CPU
		{1F1E4272-708D-423B-B85E-538D20243619}.Debug|Any CPU.Build.0 = Debug|Any CPU
		{1F1E4272-708D-423B-B85E-538D20243619}.Release|Any CPU.ActiveCfg = Release|Any CPU
		{1F1E4272-708D-423B-B85E-538D20243619}.Release|Any CPU.Build.0 = Release|Any CPU
		{F62CD78E-50F3-47B8-96D4-391D31E281CC}.Debug|Any CPU.ActiveCfg = Debug|Any CPU
		{F62CD78E-50F3-47B8-96D4-391D31E281CC}.Debug|Any CPU.Build.0 = Debug|Any CPU
		{F62CD78E-50F3-47B8-96D4-391D31E281CC}.Release|Any CPU.ActiveCfg = Release|Any CPU
		{F62CD78E-50F3-47B8-96D4-391D31E281CC}.Release|Any CPU.Build.0 = Release|Any CPU
		{5BE18B34-62FB-41E5-9D86-8430172C069C}.Debug|Any CPU.ActiveCfg = Debug|Any CPU
		{5BE18B34-62FB-41E5-9D86-8430172C069C}.Debug|Any CPU.Build.0 = Debug|Any CPU
		{5BE18B34-62FB-41E5-9D86-8430172C069C}.Release|Any CPU.ActiveCfg = Release|Any CPU
		{5BE18B34-62FB-41E5-9D86-8430172C069C}.Release|Any CPU.Build.0 = Release|Any CPU
		{2901FE95-E91D-498C-B6E7-282D9788E0E9}.Debug|Any CPU.ActiveCfg = Debug|Any CPU
		{2901FE95-E91D-498C-B6E7-282D9788E0E9}.Debug|Any CPU.Build.0 = Debug|Any CPU
		{2901FE95-E91D-498C-B6E7-282D9788E0E9}.Release|Any CPU.ActiveCfg = Release|Any CPU
		{2901FE95-E91D-498C-B6E7-282D9788E0E9}.Release|Any CPU.Build.0 = Release|Any CPU
		{A97E2556-1B8D-430D-9F15-B77386903DD9}.Debug|Any CPU.ActiveCfg = Debug|Any CPU
		{A97E2556-1B8D-430D-9F15-B77386903DD9}.Debug|Any CPU.Build.0 = Debug|Any CPU
		{A97E2556-1B8D-430D-9F15-B77386903DD9}.Release|Any CPU.ActiveCfg = Release|Any CPU
		{A97E2556-1B8D-430D-9F15-B77386903DD9}.Release|Any CPU.Build.0 = Release|Any CPU
		{BE68C6CD-1225-4AEA-BB71-3F9F5D49FCAF}.Debug|Any CPU.ActiveCfg = Debug|Any CPU
		{BE68C6CD-1225-4AEA-BB71-3F9F5D49FCAF}.Debug|Any CPU.Build.0 = Debug|Any CPU
		{BE68C6CD-1225-4AEA-BB71-3F9F5D49FCAF}.Release|Any CPU.ActiveCfg = Release|Any CPU
		{BE68C6CD-1225-4AEA-BB71-3F9F5D49FCAF}.Release|Any CPU.Build.0 = Release|Any CPU
		{66098B0A-059B-4448-81A1-B9BBC15B2621}.Debug|Any CPU.ActiveCfg = Debug|Any CPU
		{66098B0A-059B-4448-81A1-B9BBC15B2621}.Debug|Any CPU.Build.0 = Debug|Any CPU
		{66098B0A-059B-4448-81A1-B9BBC15B2621}.Release|Any CPU.ActiveCfg = Release|Any CPU
		{66098B0A-059B-4448-81A1-B9BBC15B2621}.Release|Any CPU.Build.0 = Release|Any CPU
		{1C31DFE3-CE9B-470E-94B3-D0329476209E}.Debug|Any CPU.ActiveCfg = Debug|Any CPU
		{1C31DFE3-CE9B-470E-94B3-D0329476209E}.Debug|Any CPU.Build.0 = Debug|Any CPU
		{1C31DFE3-CE9B-470E-94B3-D0329476209E}.Release|Any CPU.ActiveCfg = Release|Any CPU
		{1C31DFE3-CE9B-470E-94B3-D0329476209E}.Release|Any CPU.Build.0 = Release|Any CPU
		{B9602E82-6B44-42EC-A5CE-67DF6BCFB879}.Debug|Any CPU.ActiveCfg = Debug|Any CPU
		{B9602E82-6B44-42EC-A5CE-67DF6BCFB879}.Debug|Any CPU.Build.0 = Debug|Any CPU
		{B9602E82-6B44-42EC-A5CE-67DF6BCFB879}.Release|Any CPU.ActiveCfg = Release|Any CPU
		{B9602E82-6B44-42EC-A5CE-67DF6BCFB879}.Release|Any CPU.Build.0 = Release|Any CPU
		{307B5AEC-CCDB-4908-9013-553A3A00A480}.Debug|Any CPU.ActiveCfg = Debug|Any CPU
		{307B5AEC-CCDB-4908-9013-553A3A00A480}.Debug|Any CPU.Build.0 = Debug|Any CPU
		{307B5AEC-CCDB-4908-9013-553A3A00A480}.Release|Any CPU.ActiveCfg = Release|Any CPU
		{307B5AEC-CCDB-4908-9013-553A3A00A480}.Release|Any CPU.Build.0 = Release|Any CPU
		{54E4F82E-26C7-4E4A-AEA3-8C5FA3FFFC6B}.Debug|Any CPU.ActiveCfg = Debug|Any CPU
		{54E4F82E-26C7-4E4A-AEA3-8C5FA3FFFC6B}.Debug|Any CPU.Build.0 = Debug|Any CPU
		{54E4F82E-26C7-4E4A-AEA3-8C5FA3FFFC6B}.Release|Any CPU.ActiveCfg = Release|Any CPU
		{54E4F82E-26C7-4E4A-AEA3-8C5FA3FFFC6B}.Release|Any CPU.Build.0 = Release|Any CPU
	EndGlobalSection
	GlobalSection(SolutionProperties) = preSolution
		HideSolutionNode = FALSE
	EndGlobalSection
	GlobalSection(ExtensibilityGlobals) = postSolution
		SolutionGuid = {D31C9874-B36E-4A25-9333-5DBD78109A72}
	EndGlobalSection
EndGlobal
