
Microsoft Visual Studio Solution File, Format Version 12.00
# Visual Studio Version 16
VisualStudioVersion = 16.0.30709.132
MinimumVisualStudioVersion = 10.0.40219.1
Project("{9A19103F-16F7-4668-BE54-9A1E7A4F7556}") = "02. Gauss' Trick", "02. Gauss' Trick\02. Gauss' Trick.csproj", "{D9E0F4E0-B607-454A-9419-6D7DA6B3E664}"
EndProject
Project("{9A19103F-16F7-4668-BE54-9A1E7A4F7556}") = "03. Merging Lists", "03. Merging Lists\03. Merging Lists.csproj", "{7B80F1D6-5C45-466E-874B-810D8E88EA4F}"
EndProject
Project("{9A19103F-16F7-4668-BE54-9A1E7A4F7556}") = "04. List of Products", "04. List of Products\04. List of Products.csproj", "{A6C27677-22BD-4DC0-80C5-41DFC29270E5}"
EndProject
Project("{9A19103F-16F7-4668-BE54-9A1E7A4F7556}") = "05. Remove Negatives and Reverse", "05. Remove Negatives and Reverse\05. Remove Negatives and Reverse.csproj", "{8B00D988-CB97-4DDD-AAFB-C5B0AAEC0CD2}"
EndProject
Project("{9A19103F-16F7-4668-BE54-9A1E7A4F7556}") = "06. List Manipulation Basics", "06. List Manipulation Basics\06. List Manipulation Basics.csproj", "{E6B0D418-B80E-4275-8C80-F86458EE30D9}"
EndProject
Project("{9A19103F-16F7-4668-BE54-9A1E7A4F7556}") = "07. List Manipulation Advanced", "07. List Manipulation Advanced\07. List Manipulation Advanced.csproj", "{70D02577-379F-4E43-9215-682B46630878}"
EndProject
Project("{FAE04EC0-301F-11D3-BF4B-00C04F79EFBC}") = "01. Sum Adjacent Equal Numbers", "01. Sum Adjacent Equal Numbers\01. Sum Adjacent Equal Numbers.csproj", "{7D18DC60-F3D7-47B6-8A25-0DC05C207524}"
EndProject
Global
	GlobalSection(SolutionConfigurationPlatforms) = preSolution
		Debug|Any CPU = Debug|Any CPU
		Release|Any CPU = Release|Any CPU
	EndGlobalSection
	GlobalSection(ProjectConfigurationPlatforms) = postSolution
		{D9E0F4E0-B607-454A-9419-6D7DA6B3E664}.Debug|Any CPU.ActiveCfg = Debug|Any CPU
		{D9E0F4E0-B607-454A-9419-6D7DA6B3E664}.Debug|Any CPU.Build.0 = Debug|Any CPU
		{D9E0F4E0-B607-454A-9419-6D7DA6B3E664}.Release|Any CPU.ActiveCfg = Release|Any CPU
		{D9E0F4E0-B607-454A-9419-6D7DA6B3E664}.Release|Any CPU.Build.0 = Release|Any CPU
		{7B80F1D6-5C45-466E-874B-810D8E88EA4F}.Debug|Any CPU.ActiveCfg = Debug|Any CPU
		{7B80F1D6-5C45-466E-874B-810D8E88EA4F}.Debug|Any CPU.Build.0 = Debug|Any CPU
		{7B80F1D6-5C45-466E-874B-810D8E88EA4F}.Release|Any CPU.ActiveCfg = Release|Any CPU
		{7B80F1D6-5C45-466E-874B-810D8E88EA4F}.Release|Any CPU.Build.0 = Release|Any CPU
		{A6C27677-22BD-4DC0-80C5-41DFC29270E5}.Debug|Any CPU.ActiveCfg = Debug|Any CPU
		{A6C27677-22BD-4DC0-80C5-41DFC29270E5}.Debug|Any CPU.Build.0 = Debug|Any CPU
		{A6C27677-22BD-4DC0-80C5-41DFC29270E5}.Release|Any CPU.ActiveCfg = Release|Any CPU
		{A6C27677-22BD-4DC0-80C5-41DFC29270E5}.Release|Any CPU.Build.0 = Release|Any CPU
		{8B00D988-CB97-4DDD-AAFB-C5B0AAEC0CD2}.Debug|Any CPU.ActiveCfg = Debug|Any CPU
		{8B00D988-CB97-4DDD-AAFB-C5B0AAEC0CD2}.Debug|Any CPU.Build.0 = Debug|Any CPU
		{8B00D988-CB97-4DDD-AAFB-C5B0AAEC0CD2}.Release|Any CPU.ActiveCfg = Release|Any CPU
		{8B00D988-CB97-4DDD-AAFB-C5B0AAEC0CD2}.Release|Any CPU.Build.0 = Release|Any CPU
		{E6B0D418-B80E-4275-8C80-F86458EE30D9}.Debug|Any CPU.ActiveCfg = Debug|Any CPU
		{E6B0D418-B80E-4275-8C80-F86458EE30D9}.Debug|Any CPU.Build.0 = Debug|Any CPU
		{E6B0D418-B80E-4275-8C80-F86458EE30D9}.Release|Any CPU.ActiveCfg = Release|Any CPU
		{E6B0D418-B80E-4275-8C80-F86458EE30D9}.Release|Any CPU.Build.0 = Release|Any CPU
		{70D02577-379F-4E43-9215-682B46630878}.Debug|Any CPU.ActiveCfg = Debug|Any CPU
		{70D02577-379F-4E43-9215-682B46630878}.Debug|Any CPU.Build.0 = Debug|Any CPU
		{70D02577-379F-4E43-9215-682B46630878}.Release|Any CPU.ActiveCfg = Release|Any CPU
		{70D02577-379F-4E43-9215-682B46630878}.Release|Any CPU.Build.0 = Release|Any CPU
		{7D18DC60-F3D7-47B6-8A25-0DC05C207524}.Debug|Any CPU.ActiveCfg = Debug|Any CPU
		{7D18DC60-F3D7-47B6-8A25-0DC05C207524}.Debug|Any CPU.Build.0 = Debug|Any CPU
		{7D18DC60-F3D7-47B6-8A25-0DC05C207524}.Release|Any CPU.ActiveCfg = Release|Any CPU
		{7D18DC60-F3D7-47B6-8A25-0DC05C207524}.Release|Any CPU.Build.0 = Release|Any CPU
	EndGlobalSection
	GlobalSection(SolutionProperties) = preSolution
		HideSolutionNode = FALSE
	EndGlobalSection
	GlobalSection(ExtensibilityGlobals) = postSolution
		SolutionGuid = {AD65AB2C-050B-49AD-B2CF-057F04D1FC5A}
	EndGlobalSection
EndGlobal
