
Microsoft Visual Studio Solution File, Format Version 12.00
# Visual Studio Version 16
VisualStudioVersion = 16.0.30709.132
MinimumVisualStudioVersion = 10.0.40219.1
Project("{9A19103F-16F7-4668-BE54-9A1E7A4F7556}") = "02. Articles", "02. Articles\02. Articles.csproj", "{C7C6D537-A6CC-4998-BD35-5B3FEC68C1E0}"
EndProject
Project("{9A19103F-16F7-4668-BE54-9A1E7A4F7556}") = "03. Articles 2.0", "03. Articles 2.0\03. Articles 2.0.csproj", "{E9DD35D3-A01E-47D9-993D-13C0C8D36FC3}"
EndProject
Project("{9A19103F-16F7-4668-BE54-9A1E7A4F7556}") = "04. Students", "04. Students\04. Students.csproj", "{709F9EE8-2D22-44B0-B532-D8BB94234E17}"
EndProject
Project("{9A19103F-16F7-4668-BE54-9A1E7A4F7556}") = "05. Teamwork Projects", "05. Teamwork Projects\05. Teamwork Projects.csproj", "{E1FF5677-249E-4475-B72D-C35082E98077}"
EndProject
Project("{9A19103F-16F7-4668-BE54-9A1E7A4F7556}") = "06. Vehicle Catalogue", "06. Vehicle Catalogue\06. Vehicle Catalogue.csproj", "{28638D96-CF3D-435C-AB27-0CBD7F0A33D5}"
EndProject
Project("{9A19103F-16F7-4668-BE54-9A1E7A4F7556}") = "07. Order by Age", "07. Order by Age\07. Order by Age.csproj", "{415E6C2B-341F-4280-AC4A-949BB6877930}"
EndProject
Project("{FAE04EC0-301F-11D3-BF4B-00C04F79EFBC}") = "01. Advertisement Message", "01. Advertisement Message\01. Advertisement Message.csproj", "{567F206D-010C-4127-9BA0-81FB2373BB73}"
EndProject
Global
	GlobalSection(SolutionConfigurationPlatforms) = preSolution
		Debug|Any CPU = Debug|Any CPU
		Release|Any CPU = Release|Any CPU
	EndGlobalSection
	GlobalSection(ProjectConfigurationPlatforms) = postSolution
		{C7C6D537-A6CC-4998-BD35-5B3FEC68C1E0}.Debug|Any CPU.ActiveCfg = Debug|Any CPU
		{C7C6D537-A6CC-4998-BD35-5B3FEC68C1E0}.Debug|Any CPU.Build.0 = Debug|Any CPU
		{C7C6D537-A6CC-4998-BD35-5B3FEC68C1E0}.Release|Any CPU.ActiveCfg = Release|Any CPU
		{C7C6D537-A6CC-4998-BD35-5B3FEC68C1E0}.Release|Any CPU.Build.0 = Release|Any CPU
		{E9DD35D3-A01E-47D9-993D-13C0C8D36FC3}.Debug|Any CPU.ActiveCfg = Debug|Any CPU
		{E9DD35D3-A01E-47D9-993D-13C0C8D36FC3}.Debug|Any CPU.Build.0 = Debug|Any CPU
		{E9DD35D3-A01E-47D9-993D-13C0C8D36FC3}.Release|Any CPU.ActiveCfg = Release|Any CPU
		{E9DD35D3-A01E-47D9-993D-13C0C8D36FC3}.Release|Any CPU.Build.0 = Release|Any CPU
		{709F9EE8-2D22-44B0-B532-D8BB94234E17}.Debug|Any CPU.ActiveCfg = Debug|Any CPU
		{709F9EE8-2D22-44B0-B532-D8BB94234E17}.Debug|Any CPU.Build.0 = Debug|Any CPU
		{709F9EE8-2D22-44B0-B532-D8BB94234E17}.Release|Any CPU.ActiveCfg = Release|Any CPU
		{709F9EE8-2D22-44B0-B532-D8BB94234E17}.Release|Any CPU.Build.0 = Release|Any CPU
		{E1FF5677-249E-4475-B72D-C35082E98077}.Debug|Any CPU.ActiveCfg = Debug|Any CPU
		{E1FF5677-249E-4475-B72D-C35082E98077}.Debug|Any CPU.Build.0 = Debug|Any CPU
		{E1FF5677-249E-4475-B72D-C35082E98077}.Release|Any CPU.ActiveCfg = Release|Any CPU
		{E1FF5677-249E-4475-B72D-C35082E98077}.Release|Any CPU.Build.0 = Release|Any CPU
		{28638D96-CF3D-435C-AB27-0CBD7F0A33D5}.Debug|Any CPU.ActiveCfg = Debug|Any CPU
		{28638D96-CF3D-435C-AB27-0CBD7F0A33D5}.Debug|Any CPU.Build.0 = Debug|Any CPU
		{28638D96-CF3D-435C-AB27-0CBD7F0A33D5}.Release|Any CPU.ActiveCfg = Release|Any CPU
		{28638D96-CF3D-435C-AB27-0CBD7F0A33D5}.Release|Any CPU.Build.0 = Release|Any CPU
		{415E6C2B-341F-4280-AC4A-949BB6877930}.Debug|Any CPU.ActiveCfg = Debug|Any CPU
		{415E6C2B-341F-4280-AC4A-949BB6877930}.Debug|Any CPU.Build.0 = Debug|Any CPU
		{415E6C2B-341F-4280-AC4A-949BB6877930}.Release|Any CPU.ActiveCfg = Release|Any CPU
		{415E6C2B-341F-4280-AC4A-949BB6877930}.Release|Any CPU.Build.0 = Release|Any CPU
		{567F206D-010C-4127-9BA0-81FB2373BB73}.Debug|Any CPU.ActiveCfg = Debug|Any CPU
		{567F206D-010C-4127-9BA0-81FB2373BB73}.Debug|Any CPU.Build.0 = Debug|Any CPU
		{567F206D-010C-4127-9BA0-81FB2373BB73}.Release|Any CPU.ActiveCfg = Release|Any CPU
		{567F206D-010C-4127-9BA0-81FB2373BB73}.Release|Any CPU.Build.0 = Release|Any CPU
	EndGlobalSection
	GlobalSection(SolutionProperties) = preSolution
		HideSolutionNode = FALSE
	EndGlobalSection
	GlobalSection(ExtensibilityGlobals) = postSolution
		SolutionGuid = {336F144E-71F3-4540-BBD8-D96EBB8860BD}
	EndGlobalSection
EndGlobal
