
Microsoft Visual Studio Solution File, Format Version 12.00
# Visual Studio Version 16
VisualStudioVersion = 16.0.30709.132
MinimumVisualStudioVersion = 10.0.40219.1
Project("{9A19103F-16F7-4668-BE54-9A1E7A4F7556}") = "04. List Operations", "04. List Operations\04. List Operations.csproj", "{071F9A22-8222-4D5B-87A0-4AD8300616F6}"
EndProject
Project("{9A19103F-16F7-4668-BE54-9A1E7A4F7556}") = "05. Bomb Numbers", "05. Bomb Numbers\05. Bomb Numbers.csproj", "{313F793B-F533-45D8-AE47-2CC0E134EF6B}"
EndProject
Project("{9A19103F-16F7-4668-BE54-9A1E7A4F7556}") = "07. Append Arrays", "07. Append Arrays\07. Append Arrays.csproj", "{FD88D6E5-1964-4911-B79C-823BB1E7F167}"
EndProject
Project("{9A19103F-16F7-4668-BE54-9A1E7A4F7556}") = "08. Anonymous Threat", "08. Anonymous Threat\08. Anonymous Threat.csproj", "{2E2A5F94-5B78-4102-8A6D-E80E1DC3460E}"
EndProject
Project("{9A19103F-16F7-4668-BE54-9A1E7A4F7556}") = "02. Change List", "02. Change List\02. Change List.csproj", "{15552D79-6F6F-4024-8973-7F9EE52F4577}"
EndProject
Project("{9A19103F-16F7-4668-BE54-9A1E7A4F7556}") = "03. House Party", "03. House Party\03. House Party.csproj", "{F2074D3C-E1A5-4C70-B510-94669522E31E}"
EndProject
Project("{9A19103F-16F7-4668-BE54-9A1E7A4F7556}") = "06. Cards Game", "06. Cards Game\06. Cards Game.csproj", "{E104C114-345E-4EA0-A467-041693687612}"
EndProject
Project("{9A19103F-16F7-4668-BE54-9A1E7A4F7556}") = "0.10 test", "0.10 test\0.10 test.csproj", "{061B7C8D-E152-4DFA-B0B8-B13EB429444B}"
EndProject
Project("{9A19103F-16F7-4668-BE54-9A1E7A4F7556}") = "09. Pokemon Don't Go", "09. Pokemon Don't Go\09. Pokemon Don't Go.csproj", "{53D3D56C-A0EB-4F4D-87DC-1AA14669317F}"
EndProject
Project("{9A19103F-16F7-4668-BE54-9A1E7A4F7556}") = "10. SoftUni Course Planning", "10. SoftUni Course Planning\10. SoftUni Course Planning.csproj", "{2C1477DA-A3DC-461A-BE36-FC4DEA8DFD83}"
EndProject
Project("{FAE04EC0-301F-11D3-BF4B-00C04F79EFBC}") = "01. Train", "01. Train\01. Train.csproj", "{BA90895E-2FB6-4D29-85A6-BE7A1DD6F487}"
EndProject
Global
	GlobalSection(SolutionConfigurationPlatforms) = preSolution
		Debug|Any CPU = Debug|Any CPU
		Release|Any CPU = Release|Any CPU
	EndGlobalSection
	GlobalSection(ProjectConfigurationPlatforms) = postSolution
		{071F9A22-8222-4D5B-87A0-4AD8300616F6}.Debug|Any CPU.ActiveCfg = Debug|Any CPU
		{071F9A22-8222-4D5B-87A0-4AD8300616F6}.Debug|Any CPU.Build.0 = Debug|Any CPU
		{071F9A22-8222-4D5B-87A0-4AD8300616F6}.Release|Any CPU.ActiveCfg = Release|Any CPU
		{071F9A22-8222-4D5B-87A0-4AD8300616F6}.Release|Any CPU.Build.0 = Release|Any CPU
		{313F793B-F533-45D8-AE47-2CC0E134EF6B}.Debug|Any CPU.ActiveCfg = Debug|Any CPU
		{313F793B-F533-45D8-AE47-2CC0E134EF6B}.Debug|Any CPU.Build.0 = Debug|Any CPU
		{313F793B-F533-45D8-AE47-2CC0E134EF6B}.Release|Any CPU.ActiveCfg = Release|Any CPU
		{313F793B-F533-45D8-AE47-2CC0E134EF6B}.Release|Any CPU.Build.0 = Release|Any CPU
		{FD88D6E5-1964-4911-B79C-823BB1E7F167}.Debug|Any CPU.ActiveCfg = Debug|Any CPU
		{FD88D6E5-1964-4911-B79C-823BB1E7F167}.Debug|Any CPU.Build.0 = Debug|Any CPU
		{FD88D6E5-1964-4911-B79C-823BB1E7F167}.Release|Any CPU.ActiveCfg = Release|Any CPU
		{FD88D6E5-1964-4911-B79C-823BB1E7F167}.Release|Any CPU.Build.0 = Release|Any CPU
		{2E2A5F94-5B78-4102-8A6D-E80E1DC3460E}.Debug|Any CPU.ActiveCfg = Debug|Any CPU
		{2E2A5F94-5B78-4102-8A6D-E80E1DC3460E}.Debug|Any CPU.Build.0 = Debug|Any CPU
		{2E2A5F94-5B78-4102-8A6D-E80E1DC3460E}.Release|Any CPU.ActiveCfg = Release|Any CPU
		{2E2A5F94-5B78-4102-8A6D-E80E1DC3460E}.Release|Any CPU.Build.0 = Release|Any CPU
		{15552D79-6F6F-4024-8973-7F9EE52F4577}.Debug|Any CPU.ActiveCfg = Debug|Any CPU
		{15552D79-6F6F-4024-8973-7F9EE52F4577}.Debug|Any CPU.Build.0 = Debug|Any CPU
		{15552D79-6F6F-4024-8973-7F9EE52F4577}.Release|Any CPU.ActiveCfg = Release|Any CPU
		{15552D79-6F6F-4024-8973-7F9EE52F4577}.Release|Any CPU.Build.0 = Release|Any CPU
		{F2074D3C-E1A5-4C70-B510-94669522E31E}.Debug|Any CPU.ActiveCfg = Debug|Any CPU
		{F2074D3C-E1A5-4C70-B510-94669522E31E}.Debug|Any CPU.Build.0 = Debug|Any CPU
		{F2074D3C-E1A5-4C70-B510-94669522E31E}.Release|Any CPU.ActiveCfg = Release|Any CPU
		{F2074D3C-E1A5-4C70-B510-94669522E31E}.Release|Any CPU.Build.0 = Release|Any CPU
		{E104C114-345E-4EA0-A467-041693687612}.Debug|Any CPU.ActiveCfg = Debug|Any CPU
		{E104C114-345E-4EA0-A467-041693687612}.Debug|Any CPU.Build.0 = Debug|Any CPU
		{E104C114-345E-4EA0-A467-041693687612}.Release|Any CPU.ActiveCfg = Release|Any CPU
		{E104C114-345E-4EA0-A467-041693687612}.Release|Any CPU.Build.0 = Release|Any CPU
		{061B7C8D-E152-4DFA-B0B8-B13EB429444B}.Debug|Any CPU.ActiveCfg = Debug|Any CPU
		{061B7C8D-E152-4DFA-B0B8-B13EB429444B}.Debug|Any CPU.Build.0 = Debug|Any CPU
		{061B7C8D-E152-4DFA-B0B8-B13EB429444B}.Release|Any CPU.ActiveCfg = Release|Any CPU
		{061B7C8D-E152-4DFA-B0B8-B13EB429444B}.Release|Any CPU.Build.0 = Release|Any CPU
		{53D3D56C-A0EB-4F4D-87DC-1AA14669317F}.Debug|Any CPU.ActiveCfg = Debug|Any CPU
		{53D3D56C-A0EB-4F4D-87DC-1AA14669317F}.Debug|Any CPU.Build.0 = Debug|Any CPU
		{53D3D56C-A0EB-4F4D-87DC-1AA14669317F}.Release|Any CPU.ActiveCfg = Release|Any CPU
		{53D3D56C-A0EB-4F4D-87DC-1AA14669317F}.Release|Any CPU.Build.0 = Release|Any CPU
		{2C1477DA-A3DC-461A-BE36-FC4DEA8DFD83}.Debug|Any CPU.ActiveCfg = Debug|Any CPU
		{2C1477DA-A3DC-461A-BE36-FC4DEA8DFD83}.Debug|Any CPU.Build.0 = Debug|Any CPU
		{2C1477DA-A3DC-461A-BE36-FC4DEA8DFD83}.Release|Any CPU.ActiveCfg = Release|Any CPU
		{2C1477DA-A3DC-461A-BE36-FC4DEA8DFD83}.Release|Any CPU.Build.0 = Release|Any CPU
		{BA90895E-2FB6-4D29-85A6-BE7A1DD6F487}.Debug|Any CPU.ActiveCfg = Debug|Any CPU
		{BA90895E-2FB6-4D29-85A6-BE7A1DD6F487}.Debug|Any CPU.Build.0 = Debug|Any CPU
		{BA90895E-2FB6-4D29-85A6-BE7A1DD6F487}.Release|Any CPU.ActiveCfg = Release|Any CPU
		{BA90895E-2FB6-4D29-85A6-BE7A1DD6F487}.Release|Any CPU.Build.0 = Release|Any CPU
	EndGlobalSection
	GlobalSection(SolutionProperties) = preSolution
		HideSolutionNode = FALSE
	EndGlobalSection
	GlobalSection(ExtensibilityGlobals) = postSolution
		SolutionGuid = {4AE40722-CD7C-4F5E-92FB-78FB1A784262}
	EndGlobalSection
EndGlobal
