
Microsoft Visual Studio Solution File, Format Version 12.00
# Visual Studio Version 16
VisualStudioVersion = 16.0.31424.327
MinimumVisualStudioVersion = 10.0.40219.1
Project("{FAE04EC0-301F-11D3-BF4B-00C04F79EFBC}") = "01. Encrypt, Sort and Print Array", "01. Encrypt, Sort and Print Array\01. Encrypt, Sort and Print Array.csproj", "{63DA7E77-43EC-4807-BCEF-2791702B3DA5}"
EndProject
Project("{FAE04EC0-301F-11D3-BF4B-00C04F79EFBC}") = "02. Pascal Triangle", "02. Pascal Triangle\02. Pascal Triangle.csproj", "{C2DE1B6F-46B2-4AE9-8933-88D3D9F23E54}"
EndProject
Project("{FAE04EC0-301F-11D3-BF4B-00C04F79EFBC}") = "03. Recursive Fibonacci", "03. Recursive Fibonacci\03. Recursive Fibonacci.csproj", "{F144A6E9-2C84-4A08-8F2C-DBB19E6BA4D6}"
EndProject
Project("{FAE04EC0-301F-11D3-BF4B-00C04F79EFBC}") = "04. Fold and Sum", "04. Fold and Sum\04. Fold and Sum.csproj", "{D91491BD-535C-444E-ADC8-8C72D88FCDC0}"
EndProject
Global
	GlobalSection(SolutionConfigurationPlatforms) = preSolution
		Debug|Any CPU = Debug|Any CPU
		Release|Any CPU = Release|Any CPU
	EndGlobalSection
	GlobalSection(ProjectConfigurationPlatforms) = postSolution
		{63DA7E77-43EC-4807-BCEF-2791702B3DA5}.Debug|Any CPU.ActiveCfg = Debug|Any CPU
		{63DA7E77-43EC-4807-BCEF-2791702B3DA5}.Debug|Any CPU.Build.0 = Debug|Any CPU
		{63DA7E77-43EC-4807-BCEF-2791702B3DA5}.Release|Any CPU.ActiveCfg = Release|Any CPU
		{63DA7E77-43EC-4807-BCEF-2791702B3DA5}.Release|Any CPU.Build.0 = Release|Any CPU
		{C2DE1B6F-46B2-4AE9-8933-88D3D9F23E54}.Debug|Any CPU.ActiveCfg = Debug|Any CPU
		{C2DE1B6F-46B2-4AE9-8933-88D3D9F23E54}.Debug|Any CPU.Build.0 = Debug|Any CPU
		{C2DE1B6F-46B2-4AE9-8933-88D3D9F23E54}.Release|Any CPU.ActiveCfg = Release|Any CPU
		{C2DE1B6F-46B2-4AE9-8933-88D3D9F23E54}.Release|Any CPU.Build.0 = Release|Any CPU
		{F144A6E9-2C84-4A08-8F2C-DBB19E6BA4D6}.Debug|Any CPU.ActiveCfg = Debug|Any CPU
		{F144A6E9-2C84-4A08-8F2C-DBB19E6BA4D6}.Debug|Any CPU.Build.0 = Debug|Any CPU
		{F144A6E9-2C84-4A08-8F2C-DBB19E6BA4D6}.Release|Any CPU.ActiveCfg = Release|Any CPU
		{F144A6E9-2C84-4A08-8F2C-DBB19E6BA4D6}.Release|Any CPU.Build.0 = Release|Any CPU
		{D91491BD-535C-444E-ADC8-8C72D88FCDC0}.Debug|Any CPU.ActiveCfg = Debug|Any CPU
		{D91491BD-535C-444E-ADC8-8C72D88FCDC0}.Debug|Any CPU.Build.0 = Debug|Any CPU
		{D91491BD-535C-444E-ADC8-8C72D88FCDC0}.Release|Any CPU.ActiveCfg = Release|Any CPU
		{D91491BD-535C-444E-ADC8-8C72D88FCDC0}.Release|Any CPU.Build.0 = Release|Any CPU
	EndGlobalSection
	GlobalSection(SolutionProperties) = preSolution
		HideSolutionNode = FALSE
	EndGlobalSection
	GlobalSection(ExtensibilityGlobals) = postSolution
		SolutionGuid = {81BE144D-5FDF-4E0D-A973-BB6B098352A8}
	EndGlobalSection
EndGlobal
