
Microsoft Visual Studio Solution File, Format Version 12.00
# Visual Studio Version 16
VisualStudioVersion = 16.0.30709.132
MinimumVisualStudioVersion = 10.0.40219.1
Project("{9A19103F-16F7-4668-BE54-9A1E7A4F7556}") = "02. Grades", "02. Grades\02. Grades.csproj", "{15ECAEC2-FA83-4C63-87ED-57DC30CFDE0A}"
EndProject
Project("{9A19103F-16F7-4668-BE54-9A1E7A4F7556}") = "03. Calculations", "03. Calculations\03. Calculations.csproj", "{D8C7BA84-802A-43EA-BC38-89780E5E21FD}"
EndProject
Project("{9A19103F-16F7-4668-BE54-9A1E7A4F7556}") = "04. Printing Triangle", "04. Printing Triangle\04. Printing Triangle.csproj", "{C8255E4D-1FFD-40B4-BE5B-E3E2BF8E5FA7}"
EndProject
Project("{9A19103F-16F7-4668-BE54-9A1E7A4F7556}") = "05. Orders", "05. Orders\05. Orders.csproj", "{36F88701-3B84-4787-9899-FF70947FA901}"
EndProject
Project("{9A19103F-16F7-4668-BE54-9A1E7A4F7556}") = "06. Calculate Rectangle Area", "06. Calculate Rectangle Area\06. Calculate Rectangle Area.csproj", "{6A19CC4F-375C-4E9E-AA79-31BF31ED66D2}"
EndProject
Project("{9A19103F-16F7-4668-BE54-9A1E7A4F7556}") = "07. Repeat String", "07. Repeat String\07. Repeat String.csproj", "{F1768456-33B7-4971-A4A5-BB2AA664D044}"
EndProject
Project("{9A19103F-16F7-4668-BE54-9A1E7A4F7556}") = "08. Math Power", "08. Math Power\08. Math Power.csproj", "{CE75081B-5124-49A2-B0C8-B5E1595567C2}"
EndProject
Project("{9A19103F-16F7-4668-BE54-9A1E7A4F7556}") = "09. Greater of Two Values", "09. Greater of Two Values\09. Greater of Two Values.csproj", "{F5519B8E-7AD6-41FA-9014-4709DC276C99}"
EndProject
Project("{9A19103F-16F7-4668-BE54-9A1E7A4F7556}") = "10. Multiply Evens by Odds", "10. Multiply Evens by Odds\10. Multiply Evens by Odds.csproj", "{D250C1D3-0E68-4170-A9CA-9C9D03B4850A}"
EndProject
Project("{9A19103F-16F7-4668-BE54-9A1E7A4F7556}") = "11. Math operations", "11. Math operations\11. Math operations.csproj", "{C65526F8-6195-47FF-AAE0-716CEB81E104}"
EndProject
Project("{9A19103F-16F7-4668-BE54-9A1E7A4F7556}") = "12. Data Types", "12. Data Types\12. Data Types.csproj", "{731272E7-3640-4CFF-9752-D44410E3207F}"
EndProject
Project("{FAE04EC0-301F-11D3-BF4B-00C04F79EFBC}") = "01. Sign of Integer Numbers", "01. Sign of Integer Numbers\01. Sign of Integer Numbers.csproj", "{42D29589-1378-4213-8CE4-F18F70D189F5}"
EndProject
Global
	GlobalSection(SolutionConfigurationPlatforms) = preSolution
		Debug|Any CPU = Debug|Any CPU
		Release|Any CPU = Release|Any CPU
	EndGlobalSection
	GlobalSection(ProjectConfigurationPlatforms) = postSolution
		{15ECAEC2-FA83-4C63-87ED-57DC30CFDE0A}.Debug|Any CPU.ActiveCfg = Debug|Any CPU
		{15ECAEC2-FA83-4C63-87ED-57DC30CFDE0A}.Debug|Any CPU.Build.0 = Debug|Any CPU
		{15ECAEC2-FA83-4C63-87ED-57DC30CFDE0A}.Release|Any CPU.ActiveCfg = Release|Any CPU
		{15ECAEC2-FA83-4C63-87ED-57DC30CFDE0A}.Release|Any CPU.Build.0 = Release|Any CPU
		{D8C7BA84-802A-43EA-BC38-89780E5E21FD}.Debug|Any CPU.ActiveCfg = Debug|Any CPU
		{D8C7BA84-802A-43EA-BC38-89780E5E21FD}.Debug|Any CPU.Build.0 = Debug|Any CPU
		{D8C7BA84-802A-43EA-BC38-89780E5E21FD}.Release|Any CPU.ActiveCfg = Release|Any CPU
		{D8C7BA84-802A-43EA-BC38-89780E5E21FD}.Release|Any CPU.Build.0 = Release|Any CPU
		{C8255E4D-1FFD-40B4-BE5B-E3E2BF8E5FA7}.Debug|Any CPU.ActiveCfg = Debug|Any CPU
		{C8255E4D-1FFD-40B4-BE5B-E3E2BF8E5FA7}.Debug|Any CPU.Build.0 = Debug|Any CPU
		{C8255E4D-1FFD-40B4-BE5B-E3E2BF8E5FA7}.Release|Any CPU.ActiveCfg = Release|Any CPU
		{C8255E4D-1FFD-40B4-BE5B-E3E2BF8E5FA7}.Release|Any CPU.Build.0 = Release|Any CPU
		{36F88701-3B84-4787-9899-FF70947FA901}.Debug|Any CPU.ActiveCfg = Debug|Any CPU
		{36F88701-3B84-4787-9899-FF70947FA901}.Debug|Any CPU.Build.0 = Debug|Any CPU
		{36F88701-3B84-4787-9899-FF70947FA901}.Release|Any CPU.ActiveCfg = Release|Any CPU
		{36F88701-3B84-4787-9899-FF70947FA901}.Release|Any CPU.Build.0 = Release|Any CPU
		{6A19CC4F-375C-4E9E-AA79-31BF31ED66D2}.Debug|Any CPU.ActiveCfg = Debug|Any CPU
		{6A19CC4F-375C-4E9E-AA79-31BF31ED66D2}.Debug|Any CPU.Build.0 = Debug|Any CPU
		{6A19CC4F-375C-4E9E-AA79-31BF31ED66D2}.Release|Any CPU.ActiveCfg = Release|Any CPU
		{6A19CC4F-375C-4E9E-AA79-31BF31ED66D2}.Release|Any CPU.Build.0 = Release|Any CPU
		{F1768456-33B7-4971-A4A5-BB2AA664D044}.Debug|Any CPU.ActiveCfg = Debug|Any CPU
		{F1768456-33B7-4971-A4A5-BB2AA664D044}.Debug|Any CPU.Build.0 = Debug|Any CPU
		{F1768456-33B7-4971-A4A5-BB2AA664D044}.Release|Any CPU.ActiveCfg = Release|Any CPU
		{F1768456-33B7-4971-A4A5-BB2AA664D044}.Release|Any CPU.Build.0 = Release|Any CPU
		{CE75081B-5124-49A2-B0C8-B5E1595567C2}.Debug|Any CPU.ActiveCfg = Debug|Any CPU
		{CE75081B-5124-49A2-B0C8-B5E1595567C2}.Debug|Any CPU.Build.0 = Debug|Any CPU
		{CE75081B-5124-49A2-B0C8-B5E1595567C2}.Release|Any CPU.ActiveCfg = Release|Any CPU
		{CE75081B-5124-49A2-B0C8-B5E1595567C2}.Release|Any CPU.Build.0 = Release|Any CPU
		{F5519B8E-7AD6-41FA-9014-4709DC276C99}.Debug|Any CPU.ActiveCfg = Debug|Any CPU
		{F5519B8E-7AD6-41FA-9014-4709DC276C99}.Debug|Any CPU.Build.0 = Debug|Any CPU
		{F5519B8E-7AD6-41FA-9014-4709DC276C99}.Release|Any CPU.ActiveCfg = Release|Any CPU
		{F5519B8E-7AD6-41FA-9014-4709DC276C99}.Release|Any CPU.Build.0 = Release|Any CPU
		{D250C1D3-0E68-4170-A9CA-9C9D03B4850A}.Debug|Any CPU.ActiveCfg = Debug|Any CPU
		{D250C1D3-0E68-4170-A9CA-9C9D03B4850A}.Debug|Any CPU.Build.0 = Debug|Any CPU
		{D250C1D3-0E68-4170-A9CA-9C9D03B4850A}.Release|Any CPU.ActiveCfg = Release|Any CPU
		{D250C1D3-0E68-4170-A9CA-9C9D03B4850A}.Release|Any CPU.Build.0 = Release|Any CPU
		{C65526F8-6195-47FF-AAE0-716CEB81E104}.Debug|Any CPU.ActiveCfg = Debug|Any CPU
		{C65526F8-6195-47FF-AAE0-716CEB81E104}.Debug|Any CPU.Build.0 = Debug|Any CPU
		{C65526F8-6195-47FF-AAE0-716CEB81E104}.Release|Any CPU.ActiveCfg = Release|Any CPU
		{C65526F8-6195-47FF-AAE0-716CEB81E104}.Release|Any CPU.Build.0 = Release|Any CPU
		{731272E7-3640-4CFF-9752-D44410E3207F}.Debug|Any CPU.ActiveCfg = Debug|Any CPU
		{731272E7-3640-4CFF-9752-D44410E3207F}.Debug|Any CPU.Build.0 = Debug|Any CPU
		{731272E7-3640-4CFF-9752-D44410E3207F}.Release|Any CPU.ActiveCfg = Release|Any CPU
		{731272E7-3640-4CFF-9752-D44410E3207F}.Release|Any CPU.Build.0 = Release|Any CPU
		{42D29589-1378-4213-8CE4-F18F70D189F5}.Debug|Any CPU.ActiveCfg = Debug|Any CPU
		{42D29589-1378-4213-8CE4-F18F70D189F5}.Debug|Any CPU.Build.0 = Debug|Any CPU
		{42D29589-1378-4213-8CE4-F18F70D189F5}.Release|Any CPU.ActiveCfg = Release|Any CPU
		{42D29589-1378-4213-8CE4-F18F70D189F5}.Release|Any CPU.Build.0 = Release|Any CPU
	EndGlobalSection
	GlobalSection(SolutionProperties) = preSolution
		HideSolutionNode = FALSE
	EndGlobalSection
	GlobalSection(ExtensibilityGlobals) = postSolution
		SolutionGuid = {FB24C1D3-A7AD-42B2-93AC-DCC3BC1689DE}
	EndGlobalSection
EndGlobal
